// !$*UTF8*$!
{
	archiveVersion = 1;
	classes = {
	};
	objectVersion = 50;
	objects = {

/* Begin PBXBuildFile section */
		CE90E25822F7E766001C7F61 /* VisionObjectRecognitionViewController.swift in Sources */ = {isa = PBXBuildFile; fileRef = CE90E25722F7E766001C7F61 /* VisionObjectRecognitionViewController.swift */; };
		CE90E25A22F7E788001C7F61 /* YOLOv3.mlmodel in Sources */ = {isa = PBXBuildFile; fileRef = CE90E25922F7E788001C7F61 /* YOLOv3.mlmodel */; };
		CE90E25C22F7E7B6001C7F61 /* Info.plist in Resources */ = {isa = PBXBuildFile; fileRef = CE90E25B22F7E7B6001C7F61 /* Info.plist */; };
		CEA08BF522ABC3D400DF0BF8 /* AppDelegate.swift in Sources */ = {isa = PBXBuildFile; fileRef = CEA08BF422ABC3D400DF0BF8 /* AppDelegate.swift */; };
		CEA08BF922ABC3D400DF0BF8 /* ViewController.swift in Sources */ = {isa = PBXBuildFile; fileRef = CEA08BF822ABC3D400DF0BF8 /* ViewController.swift */; };
		CEA08BFC22ABC3D400DF0BF8 /* Main.storyboard in Resources */ = {isa = PBXBuildFile; fileRef = CEA08BFA22ABC3D400DF0BF8 /* Main.storyboard */; };
		CEA08BFE22ABC3D500DF0BF8 /* Assets.xcassets in Resources */ = {isa = PBXBuildFile; fileRef = CEA08BFD22ABC3D500DF0BF8 /* Assets.xcassets */; };
		CEA08C0122ABC3D500DF0BF8 /* LaunchScreen.storyboard in Resources */ = {isa = PBXBuildFile; fileRef = CEA08BFF22ABC3D500DF0BF8 /* LaunchScreen.storyboard */; };
		CEA08C0C22ABC3D500DF0BF8 /* Api_DetectionTests.swift in Sources */ = {isa = PBXBuildFile; fileRef = CEA08C0B22ABC3D500DF0BF8 /* Api_DetectionTests.swift */; };
		CEA08C1722ABC3D500DF0BF8 /* Api_DetectionUITests.swift in Sources */ = {isa = PBXBuildFile; fileRef = CEA08C1622ABC3D500DF0BF8 /* Api_DetectionUITests.swift */; };
/* End PBXBuildFile section */

/* Begin PBXContainerItemProxy section */
		CEA08C0822ABC3D500DF0BF8 /* PBXContainerItemProxy */ = {
			isa = PBXContainerItemProxy;
			containerPortal = CEA08BE922ABC3D400DF0BF8 /* Project object */;
			proxyType = 1;
			remoteGlobalIDString = CEA08BF022ABC3D400DF0BF8;
			remoteInfo = "Api Detection";
		};
		CEA08C1322ABC3D500DF0BF8 /* PBXContainerItemProxy */ = {
			isa = PBXContainerItemProxy;
			containerPortal = CEA08BE922ABC3D400DF0BF8 /* Project object */;
			proxyType = 1;
			remoteGlobalIDString = CEA08BF022ABC3D400DF0BF8;
			remoteInfo = "Api Detection";
		};
/* End PBXContainerItemProxy section */

/* Begin PBXFileReference section */
		CE90E25722F7E766001C7F61 /* VisionObjectRecognitionViewController.swift */ = {isa = PBXFileReference; lastKnownFileType = sourcecode.swift; path = VisionObjectRecognitionViewController.swift; sourceTree = "<group>"; };
		CE90E25922F7E788001C7F61 /* YOLOv3.mlmodel */ = {isa = PBXFileReference; lastKnownFileType = file.mlmodel; name = YOLOv3.mlmodel; path = ../../../../Users/apiphoomchuenchompoo/Desktop/YOLOv3.mlmodel; sourceTree = "<group>"; };
		CE90E25B22F7E7B6001C7F61 /* Info.plist */ = {isa = PBXFileReference; fileEncoding = 4; lastKnownFileType = text.plist.xml; name = Info.plist; path = "../../../../Users/apiphoomchuenchompoo/Desktop/Api Detec/BreakfastFinder/Info.plist"; sourceTree = "<group>"; };
		CEA08BF122ABC3D400DF0BF8 /* Api Detection.app */ = {isa = PBXFileReference; explicitFileType = wrapper.application; includeInIndex = 0; path = "Api Detection.app"; sourceTree = BUILT_PRODUCTS_DIR; };
		CEA08BF422ABC3D400DF0BF8 /* AppDelegate.swift */ = {isa = PBXFileReference; lastKnownFileType = sourcecode.swift; path = AppDelegate.swift; sourceTree = "<group>"; };
		CEA08BF822ABC3D400DF0BF8 /* ViewController.swift */ = {isa = PBXFileReference; lastKnownFileType = sourcecode.swift; path = ViewController.swift; sourceTree = "<group>"; };
		CEA08BFB22ABC3D400DF0BF8 /* Base */ = {isa = PBXFileReference; lastKnownFileType = file.storyboard; name = Base; path = Base.lproj/Main.storyboard; sourceTree = "<group>"; };
		CEA08BFD22ABC3D500DF0BF8 /* Assets.xcassets */ = {isa = PBXFileReference; lastKnownFileType = folder.assetcatalog; path = Assets.xcassets; sourceTree = "<group>"; };
		CEA08C0022ABC3D500DF0BF8 /* Base */ = {isa = PBXFileReference; lastKnownFileType = file.storyboard; name = Base; path = Base.lproj/LaunchScreen.storyboard; sourceTree = "<group>"; };
		CEA08C0722ABC3D500DF0BF8 /* Api DetectionTests.xctest */ = {isa = PBXFileReference; explicitFileType = wrapper.cfbundle; includeInIndex = 0; path = "Api DetectionTests.xctest"; sourceTree = BUILT_PRODUCTS_DIR; };
		CEA08C0B22ABC3D500DF0BF8 /* Api_DetectionTests.swift */ = {isa = PBXFileReference; lastKnownFileType = sourcecode.swift; path = Api_DetectionTests.swift; sourceTree = "<group>"; };
		CEA08C0D22ABC3D500DF0BF8 /* Info.plist */ = {isa = PBXFileReference; lastKnownFileType = text.plist.xml; path = Info.plist; sourceTree = "<group>"; };
		CEA08C1222ABC3D500DF0BF8 /* Api DetectionUITests.xctest */ = {isa = PBXFileReference; explicitFileType = wrapper.cfbundle; includeInIndex = 0; path = "Api DetectionUITests.xctest"; sourceTree = BUILT_PRODUCTS_DIR; };
		CEA08C1622ABC3D500DF0BF8 /* Api_DetectionUITests.swift */ = {isa = PBXFileReference; lastKnownFileType = sourcecode.swift; path = Api_DetectionUITests.swift; sourceTree = "<group>"; };
		CEA08C1822ABC3D500DF0BF8 /* Info.plist */ = {isa = PBXFileReference; lastKnownFileType = text.plist.xml; path = Info.plist; sourceTree = "<group>"; };
/* End PBXFileReference section */

/* Begin PBXFrameworksBuildPhase section */
		CEA08BEE22ABC3D400DF0BF8 /* Frameworks */ = {
			isa = PBXFrameworksBuildPhase;
			buildActionMask = 2147483647;
			files = (
			);
			runOnlyForDeploymentPostprocessing = 0;
		};
		CEA08C0422ABC3D500DF0BF8 /* Frameworks */ = {
			isa = PBXFrameworksBuildPhase;
			buildActionMask = 2147483647;
			files = (
			);
			runOnlyForDeploymentPostprocessing = 0;
		};
		CEA08C0F22ABC3D500DF0BF8 /* Frameworks */ = {
			isa = PBXFrameworksBuildPhase;
			buildActionMask = 2147483647;
			files = (
			);
			runOnlyForDeploymentPostprocessing = 0;
		};
/* End PBXFrameworksBuildPhase section */

/* Begin PBXGroup section */
		CEA08BE822ABC3D400DF0BF8 = {
			isa = PBXGroup;
			children = (
				CEA08BF322ABC3D400DF0BF8 /* Api Detection */,
				CEA08C0A22ABC3D500DF0BF8 /* Api DetectionTests */,
				CEA08C1522ABC3D500DF0BF8 /* Api DetectionUITests */,
				CEA08BF222ABC3D400DF0BF8 /* Products */,
			);
			sourceTree = "<group>";
		};
		CEA08BF222ABC3D400DF0BF8 /* Products */ = {
			isa = PBXGroup;
			children = (
				CEA08BF122ABC3D400DF0BF8 /* Api Detection.app */,
				CEA08C0722ABC3D500DF0BF8 /* Api DetectionTests.xctest */,
				CEA08C1222ABC3D500DF0BF8 /* Api DetectionUITests.xctest */,
			);
			name = Products;
			sourceTree = "<group>";
		};
		CEA08BF322ABC3D400DF0BF8 /* Api Detection */ = {
			isa = PBXGroup;
			children = (
				CEA08BF822ABC3D400DF0BF8 /* ViewController.swift */,
				CEA08BF422ABC3D400DF0BF8 /* AppDelegate.swift */,
				CEA08BFA22ABC3D400DF0BF8 /* Main.storyboard */,
				CE90E25722F7E766001C7F61 /* VisionObjectRecognitionViewController.swift */,
				CE90E25922F7E788001C7F61 /* YOLOv3.mlmodel */,
				CEA08BFD22ABC3D500DF0BF8 /* Assets.xcassets */,
				CEA08BFF22ABC3D500DF0BF8 /* LaunchScreen.storyboard */,
				CE90E25B22F7E7B6001C7F61 /* Info.plist */,
			);
			path = "Api Detection";
			sourceTree = "<group>";
		};
		CEA08C0A22ABC3D500DF0BF8 /* Api DetectionTests */ = {
			isa = PBXGroup;
			children = (
				CEA08C0B22ABC3D500DF0BF8 /* Api_DetectionTests.swift */,
				CEA08C0D22ABC3D500DF0BF8 /* Info.plist */,
			);
			path = "Api DetectionTests";
			sourceTree = "<group>";
		};
		CEA08C1522ABC3D500DF0BF8 /* Api DetectionUITests */ = {
			isa = PBXGroup;
			children = (
				CEA08C1622ABC3D500DF0BF8 /* Api_DetectionUITests.swift */,
				CEA08C1822ABC3D500DF0BF8 /* Info.plist */,
			);
			path = "Api DetectionUITests";
			sourceTree = "<group>";
		};
/* End PBXGroup section */

/* Begin PBXNativeTarget section */
		CEA08BF022ABC3D400DF0BF8 /* Api Detection */ = {
			isa = PBXNativeTarget;
			buildConfigurationList = CEA08C1B22ABC3D500DF0BF8 /* Build configuration list for PBXNativeTarget "Api Detection" */;
			buildPhases = (
				CEA08BED22ABC3D400DF0BF8 /* Sources */,
				CEA08BEE22ABC3D400DF0BF8 /* Frameworks */,
				CEA08BEF22ABC3D400DF0BF8 /* Resources */,
			);
			buildRules = (
			);
			dependencies = (
			);
			name = "Api Detection";
			productName = "Api Detection";
			productReference = CEA08BF122ABC3D400DF0BF8 /* Api Detection.app */;
			productType = "com.apple.product-type.application";
		};
		CEA08C0622ABC3D500DF0BF8 /* Api DetectionTests */ = {
			isa = PBXNativeTarget;
			buildConfigurationList = CEA08C1E22ABC3D500DF0BF8 /* Build configuration list for PBXNativeTarget "Api DetectionTests" */;
			buildPhases = (
				CEA08C0322ABC3D500DF0BF8 /* Sources */,
				CEA08C0422ABC3D500DF0BF8 /* Frameworks */,
				CEA08C0522ABC3D500DF0BF8 /* Resources */,
			);
			buildRules = (
			);
			dependencies = (
				CEA08C0922ABC3D500DF0BF8 /* PBXTargetDependency */,
			);
			name = "Api DetectionTests";
			productName = "Api DetectionTests";
			productReference = CEA08C0722ABC3D500DF0BF8 /* Api DetectionTests.xctest */;
			productType = "com.apple.product-type.bundle.unit-test";
		};
		CEA08C1122ABC3D500DF0BF8 /* Api DetectionUITests */ = {
			isa = PBXNativeTarget;
			buildConfigurationList = CEA08C2122ABC3D500DF0BF8 /* Build configuration list for PBXNativeTarget "Api DetectionUITests" */;
			buildPhases = (
				CEA08C0E22ABC3D500DF0BF8 /* Sources */,
				CEA08C0F22ABC3D500DF0BF8 /* Frameworks */,
				CEA08C1022ABC3D500DF0BF8 /* Resources */,
			);
			buildRules = (
			);
			dependencies = (
				CEA08C1422ABC3D500DF0BF8 /* PBXTargetDependency */,
			);
			name = "Api DetectionUITests";
			productName = "Api DetectionUITests";
			productReference = CEA08C1222ABC3D500DF0BF8 /* Api DetectionUITests.xctest */;
			productType = "com.apple.product-type.bundle.ui-testing";
		};
/* End PBXNativeTarget section */

/* Begin PBXProject section */
		CEA08BE922ABC3D400DF0BF8 /* Project object */ = {
			isa = PBXProject;
			attributes = {
				LastSwiftUpdateCheck = 1100;
				LastUpgradeCheck = 1100;
				ORGANIZATIONNAME = "Apiphoom Chuenchompoo";
				TargetAttributes = {
					CEA08BF022ABC3D400DF0BF8 = {
						CreatedOnToolsVersion = 11.0;
					};
					CEA08C0622ABC3D500DF0BF8 = {
						CreatedOnToolsVersion = 11.0;
						TestTargetID = CEA08BF022ABC3D400DF0BF8;
					};
					CEA08C1122ABC3D500DF0BF8 = {
						CreatedOnToolsVersion = 11.0;
						TestTargetID = CEA08BF022ABC3D400DF0BF8;
					};
				};
			};
			buildConfigurationList = CEA08BEC22ABC3D400DF0BF8 /* Build configuration list for PBXProject "Api Detection" */;
			compatibilityVersion = "Xcode 9.3";
			developmentRegion = en;
			hasScannedForEncodings = 0;
			knownRegions = (
				en,
				Base,
			);
			mainGroup = CEA08BE822ABC3D400DF0BF8;
			productRefGroup = CEA08BF222ABC3D400DF0BF8 /* Products */;
			projectDirPath = "";
			projectRoot = "";
			targets = (
				CEA08BF022ABC3D400DF0BF8 /* Api Detection */,
				CEA08C0622ABC3D500DF0BF8 /* Api DetectionTests */,
				CEA08C1122ABC3D500DF0BF8 /* Api DetectionUITests */,
			);
		};
/* End PBXProject section */

/* Begin PBXResourcesBuildPhase section */
		CEA08BEF22ABC3D400DF0BF8 /* Resources */ = {
			isa = PBXResourcesBuildPhase;
			buildActionMask = 2147483647;
			files = (
				CE90E25C22F7E7B6001C7F61 /* Info.plist in Resources */,
				CEA08C0122ABC3D500DF0BF8 /* LaunchScreen.storyboard in Resources */,
				CEA08BFE22ABC3D500DF0BF8 /* Assets.xcassets in Resources */,
				CEA08BFC22ABC3D400DF0BF8 /* Main.storyboard in Resources */,
			);
			runOnlyForDeploymentPostprocessing = 0;
		};
		CEA08C0522ABC3D500DF0BF8 /* Resources */ = {
			isa = PBXResourcesBuildPhase;
			buildActionMask = 2147483647;
			files = (
			);
			runOnlyForDeploymentPostprocessing = 0;
		};
		CEA08C1022ABC3D500DF0BF8 /* Resources */ = {
			isa = PBXResourcesBuildPhase;
			buildActionMask = 2147483647;
			files = (
			);
			runOnlyForDeploymentPostprocessing = 0;
		};
/* End PBXResourcesBuildPhase section */

/* Begin PBXSourcesBuildPhase section */
		CEA08BED22ABC3D400DF0BF8 /* Sources */ = {
			isa = PBXSourcesBuildPhase;
			buildActionMask = 2147483647;
			files = (
				CEA08BF922ABC3D400DF0BF8 /* ViewController.swift in Sources */,
				CE90E25822F7E766001C7F61 /* VisionObjectRecognitionViewController.swift in Sources */,
				CE90E25A22F7E788001C7F61 /* YOLOv3.mlmodel in Sources */,
				CEA08BF522ABC3D400DF0BF8 /* AppDelegate.swift in Sources */,
			);
			runOnlyForDeploymentPostprocessing = 0;
		};
		CEA08C0322ABC3D500DF0BF8 /* Sources */ = {
			isa = PBXSourcesBuildPhase;
			buildActionMask = 2147483647;
			files = (
				CEA08C0C22ABC3D500DF0BF8 /* Api_DetectionTests.swift in Sources */,
			);
			runOnlyForDeploymentPostprocessing = 0;
		};
		CEA08C0E22ABC3D500DF0BF8 /* Sources */ = {
			isa = PBXSourcesBuildPhase;
			buildActionMask = 2147483647;
			files = (
				CEA08C1722ABC3D500DF0BF8 /* Api_DetectionUITests.swift in Sources */,
			);
			runOnlyForDeploymentPostprocessing = 0;
		};
/* End PBXSourcesBuildPhase section */

/* Begin PBXTargetDependency section */
		CEA08C0922ABC3D500DF0BF8 /* PBXTargetDependency */ = {
			isa = PBXTargetDependency;
			target = CEA08BF022ABC3D400DF0BF8 /* Api Detection */;
			targetProxy = CEA08C0822ABC3D500DF0BF8 /* PBXContainerItemProxy */;
		};
		CEA08C1422ABC3D500DF0BF8 /* PBXTargetDependency */ = {
			isa = PBXTargetDependency;
			target = CEA08BF022ABC3D400DF0BF8 /* Api Detection */;
			targetProxy = CEA08C1322ABC3D500DF0BF8 /* PBXContainerItemProxy */;
		};
/* End PBXTargetDependency section */

/* Begin PBXVariantGroup section */
		CEA08BFA22ABC3D400DF0BF8 /* Main.storyboard */ = {
			isa = PBXVariantGroup;
			children = (
				CEA08BFB22ABC3D400DF0BF8 /* Base */,
			);
			name = Main.storyboard;
			sourceTree = "<group>";
		};
		CEA08BFF22ABC3D500DF0BF8 /* LaunchScreen.storyboard */ = {
			isa = PBXVariantGroup;
			children = (
				CEA08C0022ABC3D500DF0BF8 /* Base */,
			);
			name = LaunchScreen.storyboard;
			sourceTree = "<group>";
		};
/* End PBXVariantGroup section */

/* Begin XCBuildConfiguration section */
		CEA08C1922ABC3D500DF0BF8 /* Debug */ = {
			isa = XCBuildConfiguration;
			buildSettings = {
				ALWAYS_SEARCH_USER_PATHS = NO;
				CLANG_ANALYZER_NONNULL = YES;
				CLANG_ANALYZER_NUMBER_OBJECT_CONVERSION = YES_AGGRESSIVE;
				CLANG_CXX_LANGUAGE_STANDARD = "gnu++14";
				CLANG_CXX_LIBRARY = "libc++";
				CLANG_ENABLE_MODULES = YES;
				CLANG_ENABLE_OBJC_ARC = YES;
				CLANG_ENABLE_OBJC_WEAK = YES;
				CLANG_WARN_BLOCK_CAPTURE_AUTORELEASING = YES;
				CLANG_WARN_BOOL_CONVERSION = YES;
				CLANG_WARN_COMMA = YES;
				CLANG_WARN_CONSTANT_CONVERSION = YES;
				CLANG_WARN_DEPRECATED_OBJC_IMPLEMENTATIONS = YES;
				CLANG_WARN_DIRECT_OBJC_ISA_USAGE = YES_ERROR;
				CLANG_WARN_DOCUMENTATION_COMMENTS = YES;
				CLANG_WARN_EMPTY_BODY = YES;
				CLANG_WARN_ENUM_CONVERSION = YES;
				CLANG_WARN_INFINITE_RECURSION = YES;
				CLANG_WARN_INT_CONVERSION = YES;
				CLANG_WARN_NON_LITERAL_NULL_CONVERSION = YES;
				CLANG_WARN_OBJC_IMPLICIT_RETAIN_SELF = YES;
				CLANG_WARN_OBJC_LITERAL_CONVERSION = YES;
				CLANG_WARN_OBJC_ROOT_CLASS = YES_ERROR;
				CLANG_WARN_RANGE_LOOP_ANALYSIS = YES;
				CLANG_WARN_STRICT_PROTOTYPES = YES;
				CLANG_WARN_SUSPICIOUS_MOVE = YES;
				CLANG_WARN_UNGUARDED_AVAILABILITY = YES_AGGRESSIVE;
				CLANG_WARN_UNREACHABLE_CODE = YES;
				CLANG_WARN__DUPLICATE_METHOD_MATCH = YES;
				COPY_PHASE_STRIP = NO;
				DEBUG_INFORMATION_FORMAT = dwarf;
				ENABLE_STRICT_OBJC_MSGSEND = YES;
				ENABLE_TESTABILITY = YES;
				GCC_C_LANGUAGE_STANDARD = gnu11;
				GCC_DYNAMIC_NO_PIC = NO;
				GCC_NO_COMMON_BLOCKS = YES;
				GCC_OPTIMIZATION_LEVEL = 0;
				GCC_PREPROCESSOR_DEFINITIONS = (
					"DEBUG=1",
					"$(inherited)",
				);
				GCC_WARN_64_TO_32_BIT_CONVERSION = YES;
				GCC_WARN_ABOUT_RETURN_TYPE = YES_ERROR;
				GCC_WARN_UNDECLARED_SELECTOR = YES;
				GCC_WARN_UNINITIALIZED_AUTOS = YES_AGGRESSIVE;
				GCC_WARN_UNUSED_FUNCTION = YES;
				GCC_WARN_UNUSED_VARIABLE = YES;
				IPHONEOS_DEPLOYMENT_TARGET = 13.0;
				MTL_ENABLE_DEBUG_INFO = INCLUDE_SOURCE;
				MTL_FAST_MATH = YES;
				ONLY_ACTIVE_ARCH = YES;
				SDKROOT = iphoneos;
				SWIFT_ACTIVE_COMPILATION_CONDITIONS = DEBUG;
				SWIFT_OPTIMIZATION_LEVEL = "-Onone";
			};
			name = Debug;
		};
		CEA08C1A22ABC3D500DF0BF8 /* Release */ = {
			isa = XCBuildConfiguration;
			buildSettings = {
				ALWAYS_SEARCH_USER_PATHS = NO;
				CLANG_ANALYZER_NONNULL = YES;
				CLANG_ANALYZER_NUMBER_OBJECT_CONVERSION = YES_AGGRESSIVE;
				CLANG_CXX_LANGUAGE_STANDARD = "gnu++14";
				CLANG_CXX_LIBRARY = "libc++";
				CLANG_ENABLE_MODULES = YES;
				CLANG_ENABLE_OBJC_ARC = YES;
				CLANG_ENABLE_OBJC_WEAK = YES;
				CLANG_WARN_BLOCK_CAPTURE_AUTORELEASING = YES;
				CLANG_WARN_BOOL_CONVERSION = YES;
				CLANG_WARN_COMMA = YES;
				CLANG_WARN_CONSTANT_CONVERSION = YES;
				CLANG_WARN_DEPRECATED_OBJC_IMPLEMENTATIONS = YES;
				CLANG_WARN_DIRECT_OBJC_ISA_USAGE = YES_ERROR;
				CLANG_WARN_DOCUMENTATION_COMMENTS = YES;
				CLANG_WARN_EMPTY_BODY = YES;
				CLANG_WARN_ENUM_CONVERSION = YES;
				CLANG_WARN_INFINITE_RECURSION = YES;
				CLANG_WARN_INT_CONVERSION = YES;
				CLANG_WARN_NON_LITERAL_NULL_CONVERSION = YES;
				CLANG_WARN_OBJC_IMPLICIT_RETAIN_SELF = YES;
				CLANG_WARN_OBJC_LITERAL_CONVERSION = YES;
				CLANG_WARN_OBJC_ROOT_CLASS = YES_ERROR;
				CLANG_WARN_RANGE_LOOP_ANALYSIS = YES;
				CLANG_WARN_STRICT_PROTOTYPES = YES;
				CLANG_WARN_SUSPICIOUS_MOVE = YES;
				CLANG_WARN_UNGUARDED_AVAILABILITY = YES_AGGRESSIVE;
				CLANG_WARN_UNREACHABLE_CODE = YES;
				CLANG_WARN__DUPLICATE_METHOD_MATCH = YES;
				COPY_PHASE_STRIP = NO;
				DEBUG_INFORMATION_FORMAT = "dwarf-with-dsym";
				ENABLE_NS_ASSERTIONS = NO;
				ENABLE_STRICT_OBJC_MSGSEND = YES;
				GCC_C_LANGUAGE_STANDARD = gnu11;
				GCC_NO_COMMON_BLOCKS = YES;
				GCC_WARN_64_TO_32_BIT_CONVERSION = YES;
				GCC_WARN_ABOUT_RETURN_TYPE = YES_ERROR;
				GCC_WARN_UNDECLARED_SELECTOR = YES;
				GCC_WARN_UNINITIALIZED_AUTOS = YES_AGGRESSIVE;
				GCC_WARN_UNUSED_FUNCTION = YES;
				GCC_WARN_UNUSED_VARIABLE = YES;
				IPHONEOS_DEPLOYMENT_TARGET = 13.0;
				MTL_ENABLE_DEBUG_INFO = NO;
				MTL_FAST_MATH = YES;
				SDKROOT = iphoneos;
				SWIFT_COMPILATION_MODE = wholemodule;
				SWIFT_OPTIMIZATION_LEVEL = "-O";
				VALIDATE_PRODUCT = YES;
			};
			name = Release;
		};
		CEA08C1C22ABC3D500DF0BF8 /* Debug */ = {
			isa = XCBuildConfiguration;
			buildSettings = {
				ASSETCATALOG_COMPILER_APPICON_NAME = AppIcon;
				CODE_SIGN_STYLE = Automatic;
				DEVELOPMENT_TEAM = DQU5GMS3QC;
				INFOPLIST_FILE = "Api Detection/Info.plist";
				LD_RUNPATH_SEARCH_PATHS = (
					"$(inherited)",
					"@executable_path/Frameworks",
				);
				PRODUCT_BUNDLE_IDENTIFIER = "Api-Development.Api-Detection";
				PRODUCT_NAME = "$(TARGET_NAME)";
				SWIFT_VERSION = 5.0;
				TARGETED_DEVICE_FAMILY = "1,2";
			};
			name = Debug;
		};
		CEA08C1D22ABC3D500DF0BF8 /* Release */ = {
			isa = XCBuildConfiguration;
			buildSettings = {
				ASSETCATALOG_COMPILER_APPICON_NAME = AppIcon;
				CODE_SIGN_STYLE = Automatic;
				DEVELOPMENT_TEAM = DQU5GMS3QC;
				INFOPLIST_FILE = "Api Detection/Info.plist";
				LD_RUNPATH_SEARCH_PATHS = (
					"$(inherited)",
					"@executable_path/Frameworks",
				);
				PRODUCT_BUNDLE_IDENTIFIER = "Api-Development.Api-Detection";
				PRODUCT_NAME = "$(TARGET_NAME)";
				SWIFT_VERSION = 5.0;
				TARGETED_DEVICE_FAMILY = "1,2";
			};
			name = Release;
		};
		CEA08C1F22ABC3D500DF0BF8 /* Debug */ = {
			isa = XCBuildConfiguration;
			buildSettings = {
				ALWAYS_EMBED_SWIFT_STANDARD_LIBRARIES = YES;
				BUNDLE_LOADER = "$(TEST_HOST)";
				CODE_SIGN_STYLE = Automatic;
				DEVELOPMENT_TEAM = DQU5GMS3QC;
				INFOPLIST_FILE = "Api DetectionTests/Info.plist";
				LD_RUNPATH_SEARCH_PATHS = (
					"$(inherited)",
					"@executable_path/Frameworks",
					"@loader_path/Frameworks",
				);
				PRODUCT_BUNDLE_IDENTIFIER = "Api-Development.Api-DetectionTests";
				PRODUCT_NAME = "$(TARGET_NAME)";
				SWIFT_VERSION = 5.0;
				TARGETED_DEVICE_FAMILY = "1,2";
				TEST_HOST = "$(BUILT_PRODUCTS_DIR)/Api Detection.app/Api Detection";
			};
			name = Debug;
		};
		CEA08C2022ABC3D500DF0BF8 /* Release */ = {
			isa = XCBuildConfiguration;
			buildSettings = {
				ALWAYS_EMBED_SWIFT_STANDARD_LIBRARIES = YES;
				BUNDLE_LOADER = "$(TEST_HOST)";
				CODE_SIGN_STYLE = Automatic;
				DEVELOPMENT_TEAM = DQU5GMS3QC;
				INFOPLIST_FILE = "Api DetectionTests/Info.plist";
				LD_RUNPATH_SEARCH_PATHS = (
					"$(inherited)",
					"@executable_path/Frameworks",
					"@loader_path/Frameworks",
				);
				PRODUCT_BUNDLE_IDENTIFIER = "Api-Development.Api-DetectionTests";
				PRODUCT_NAME = "$(TARGET_NAME)";
				SWIFT_VERSION = 5.0;
				TARGETED_DEVICE_FAMILY = "1,2";
				TEST_HOST = "$(BUILT_PRODUCTS_DIR)/Api Detection.app/Api Detection";
			};
			name = Release;
		};
		CEA08C2222ABC3D500DF0BF8 /* Debug */ = {
			isa = XCBuildConfiguration;
			buildSettings = {
				ALWAYS_EMBED_SWIFT_STANDARD_LIBRARIES = YES;
				CODE_SIGN_STYLE = Automatic;
				DEVELOPMENT_TEAM = DQU5GMS3QC;
				INFOPLIST_FILE = "Api DetectionUITests/Info.plist";
				LD_RUNPATH_SEARCH_PATHS = (
					"$(inherited)",
					"@executable_path/Frameworks",
					"@loader_path/Frameworks",
				);
				PRODUCT_BUNDLE_IDENTIFIER = "Api-Development.Api-DetectionUITests";
				PRODUCT_NAME = "$(TARGET_NAME)";
				SWIFT_VERSION = 5.0;
				TARGETED_DEVICE_FAMILY = "1,2";
				TEST_TARGET_NAME = "Api Detection";
			};
			name = Debug;
		};
		CEA08C2322ABC3D500DF0BF8 /* Release */ = {
			isa = XCBuildConfiguration;
			buildSettings = {
				ALWAYS_EMBED_SWIFT_STANDARD_LIBRARIES = YES;
				CODE_SIGN_STYLE = Automatic;
				DEVELOPMENT_TEAM = DQU5GMS3QC;
				INFOPLIST_FILE = "Api DetectionUITests/Info.plist";
				LD_RUNPATH_SEARCH_PATHS = (
					"$(inherited)",
					"@executable_path/Frameworks",
					"@loader_path/Frameworks",
				);
				PRODUCT_BUNDLE_IDENTIFIER = "Api-Development.Api-DetectionUITests";
				PRODUCT_NAME = "$(TARGET_NAME)";
				SWIFT_VERSION = 5.0;
				TARGETED_DEVICE_FAMILY = "1,2";
				TEST_TARGET_NAME = "Api Detection";
			};
			name = Release;
		};
/* End XCBuildConfiguration section */

/* Begin XCConfigurationList section */
		CEA08BEC22ABC3D400DF0BF8 /* Build configuration list for PBXProject "Api Detection" */ = {
			isa = XCConfigurationList;
			buildConfigurations = (
				CEA08C1922ABC3D500DF0BF8 /* Debug */,
				CEA08C1A22ABC3D500DF0BF8 /* Release */,
			);
			defaultConfigurationIsVisible = 0;
			defaultConfigurationName = Release;
		};
		CEA08C1B22ABC3D500DF0BF8 /* Build configuration list for PBXNativeTarget "Api Detection" */ = {
			isa = XCConfigurationList;
			buildConfigurations = (
				CEA08C1C22ABC3D500DF0BF8 /* Debug */,
				CEA08C1D22ABC3D500DF0BF8 /* Release */,
			);
			defaultConfigurationIsVisible = 0;
			defaultConfigurationName = Release;
		};
		CEA08C1E22ABC3D500DF0BF8 /* Build configuration list for PBXNativeTarget "Api DetectionTests" */ = {
			isa = XCConfigurationList;
			buildConfigurations = (
				CEA08C1F22ABC3D500DF0BF8 /* Debug */,
				CEA08C2022ABC3D500DF0BF8 /* Release */,
			);
			defaultConfigurationIsVisible = 0;
			defaultConfigurationName = Release;
		};
		CEA08C2122ABC3D500DF0BF8 /* Build configuration list for PBXNativeTarget "Api DetectionUITests" */ = {
			isa = XCConfigurationList;
			buildConfigurations = (
				CEA08C2222ABC3D500DF0BF8 /* Debug */,
				CEA08C2322ABC3D500DF0BF8 /* Release */,
			);
			defaultConfigurationIsVisible = 0;
			defaultConfigurationName = Release;
		};
/* End XCConfigurationList section */
	};
	rootObject = CEA08BE922ABC3D400DF0BF8 /* Project object */;
}
